
Microsoft Visual Studio Solution File, Format Version 12.00
# Visual Studio Version 16
VisualStudioVersion = 16.0.29215.179
MinimumVisualStudioVersion = 10.0.40219.1
Project("{FAE04EC0-301F-11D3-BF4B-00C04F79EFBC}") = "Chapter21", "Chapter21\Chapter21.csproj", "{9313DC0A-D7C0-4439-BF97-EE29B7191E97}"
EndProject
Global
	GlobalSection(SolutionConfigurationPlatforms) = preSolution
		Debug|Any CPU = Debug|Any CPU
		Release|Any CPU = Release|Any CPU
	EndGlobalSection
	GlobalSection(ProjectConfigurationPlatforms) = postSolution
		{9313DC0A-D7C0-4439-BF97-EE29B7191E97}.Debug|Any CPU.ActiveCfg = Debug|Any CPU
		{9313DC0A-D7C0-4439-BF97-EE29B7191E97}.Debug|Any CPU.Build.0 = Debug|Any CPU
		{9313DC0A-D7C0-4439-BF97-EE29B7191E97}.Release|Any CPU.ActiveCfg = Release|Any CPU
		{9313DC0A-D7C0-4439-BF97-EE29B7191E97}.Release|Any CPU.Build.0 = Release|Any CPU
	EndGlobalSection
	GlobalSection(SolutionProperties) = preSolution
		HideSolutionNode = FALSE
	EndGlobalSection
	GlobalSection(ExtensibilityGlobals) = postSolution
		SolutionGuid = {747BAD9B-B783-4966-9FD2-B6CBF607812A}
	EndGlobalSection
EndGlobal
